
Microsoft Visual Studio Solution File, Format Version 12.00
# Visual Studio 15
VisualStudioVersion = 15.0.27703.2018
MinimumVisualStudioVersion = 10.0.40219.1
Project("{FAE04EC0-301F-11D3-BF4B-00C04F79EFBC}") = "BakiyeUygulamasi", "10.04.Uygulamalar\BakiyeUygulamasi.csproj", "{411A84AD-C9C4-46E4-9C2A-E0C94430139E}"
EndProject
Project("{FAE04EC0-301F-11D3-BF4B-00C04F79EFBC}") = "BolunebilmeUygulamasi", "BolunebilmeUygulamasi\BolunebilmeUygulamasi.csproj", "{80368067-4BD3-4F05-A928-F894217FC4C7}"
EndProject
Global
	GlobalSection(SolutionConfigurationPlatforms) = preSolution
		Debug|Any CPU = Debug|Any CPU
		Release|Any CPU = Release|Any CPU
	EndGlobalSection
	GlobalSection(ProjectConfigurationPlatforms) = postSolution
		{411A84AD-C9C4-46E4-9C2A-E0C94430139E}.Debug|Any CPU.ActiveCfg = Debug|Any CPU
		{411A84AD-C9C4-46E4-9C2A-E0C94430139E}.Debug|Any CPU.Build.0 = Debug|Any CPU
		{411A84AD-C9C4-46E4-9C2A-E0C94430139E}.Release|Any CPU.ActiveCfg = Release|Any CPU
		{411A84AD-C9C4-46E4-9C2A-E0C94430139E}.Release|Any CPU.Build.0 = Release|Any CPU
		{80368067-4BD3-4F05-A928-F894217FC4C7}.Debug|Any CPU.ActiveCfg = Debug|Any CPU
		{80368067-4BD3-4F05-A928-F894217FC4C7}.Debug|Any CPU.Build.0 = Debug|Any CPU
		{80368067-4BD3-4F05-A928-F894217FC4C7}.Release|Any CPU.ActiveCfg = Release|Any CPU
		{80368067-4BD3-4F05-A928-F894217FC4C7}.Release|Any CPU.Build.0 = Release|Any CPU
	EndGlobalSection
	GlobalSection(SolutionProperties) = preSolution
		HideSolutionNode = FALSE
	EndGlobalSection
	GlobalSection(ExtensibilityGlobals) = postSolution
		SolutionGuid = {C1FD9B36-4118-4629-997C-354FF16AB2E9}
	EndGlobalSection
EndGlobal
